// !$*UTF8*$!
{
	archiveVersion = 1;
	classes = {
	};
	objectVersion = 56;
	objects = {

/* Begin PBXBuildFile section */
		CEE053512CE6A10700D3EF3E /* libvis.hpp in Headers */ = {isa = PBXBuildFile; fileRef = CEE0534B2CE6A10700D3EF3E /* libvis.hpp */; };
		CEE053522CE6A10700D3EF3E /* libvis.cpp in Sources */ = {isa = PBXBuildFile; fileRef = CEE0534E2CE6A10700D3EF3E /* libvis.cpp */; };
		CEE053542CE6A18F00D3EF3E /* libvis.dylib in Frameworks */ = {isa = PBXBuildFile; fileRef = CEE053472CE6A0B700D3EF3E /* libvis.dylib */; };
		CEE053572CE6A56B00D3EF3E /* dylib_getters.cpp in Sources */ = {isa = PBXBuildFile; fileRef = CEE053552CE6A56B00D3EF3E /* dylib_getters.cpp */; };
		CEE0535B2CE6AC7800D3EF3E /* libvis.cpp in Sources */ = {isa = PBXBuildFile; fileRef = CEE0534E2CE6A10700D3EF3E /* libvis.cpp */; };
		CEE0535E2CE6B2D900D3EF3E /* main.cpp in Sources */ = {isa = PBXBuildFile; fileRef = CEE0535C2CE6B2D900D3EF3E /* main.cpp */; };
/* End PBXBuildFile section */

/* Begin PBXCopyFilesBuildPhase section */
		CEE053372CE6A06B00D3EF3E /* CopyFiles */ = {
			isa = PBXCopyFilesBuildPhase;
			buildActionMask = 2147483647;
			dstPath = /usr/share/man/man1/;
			dstSubfolderSpec = 0;
			files = (
			);
			runOnlyForDeploymentPostprocessing = 1;
		};
/* End PBXCopyFilesBuildPhase section */

/* Begin PBXFileReference section */
		CEE053392CE6A06B00D3EF3E /* vistest */ = {isa = PBXFileReference; explicitFileType = "compiled.mach-o.executable"; includeInIndex = 0; path = vistest; sourceTree = BUILT_PRODUCTS_DIR; };
		CEE053472CE6A0B700D3EF3E /* libvis.dylib */ = {isa = PBXFileReference; explicitFileType = "compiled.mach-o.dylib"; includeInIndex = 0; path = libvis.dylib; sourceTree = BUILT_PRODUCTS_DIR; };
		CEE0534B2CE6A10700D3EF3E /* libvis.hpp */ = {isa = PBXFileReference; fileEncoding = 4; lastKnownFileType = sourcecode.cpp.h; path = libvis.hpp; sourceTree = "<group>"; };
		CEE0534E2CE6A10700D3EF3E /* libvis.cpp */ = {isa = PBXFileReference; fileEncoding = 4; lastKnownFileType = sourcecode.cpp.cpp; path = libvis.cpp; sourceTree = "<group>"; };
		CEE053552CE6A56B00D3EF3E /* dylib_getters.cpp */ = {isa = PBXFileReference; fileEncoding = 4; lastKnownFileType = sourcecode.cpp.cpp; name = dylib_getters.cpp; path = libvis/source/dylib_getters.cpp; sourceTree = SOURCE_ROOT; };
		CEE0535C2CE6B2D900D3EF3E /* main.cpp */ = {isa = PBXFileReference; fileEncoding = 4; lastKnownFileType = sourcecode.cpp.cpp; path = main.cpp; sourceTree = "<group>"; };
/* End PBXFileReference section */

/* Begin PBXFrameworksBuildPhase section */
		CEE053362CE6A06B00D3EF3E /* Frameworks */ = {
			isa = PBXFrameworksBuildPhase;
			buildActionMask = 2147483647;
			files = (
				CEE053542CE6A18F00D3EF3E /* libvis.dylib in Frameworks */,
			);
			runOnlyForDeploymentPostprocessing = 0;
		};
		CEE053452CE6A0B700D3EF3E /* Frameworks */ = {
			isa = PBXFrameworksBuildPhase;
			buildActionMask = 2147483647;
			files = (
			);
			runOnlyForDeploymentPostprocessing = 0;
		};
/* End PBXFrameworksBuildPhase section */

/* Begin PBXGroup section */
		CEE053302CE6A06B00D3EF3E = {
			isa = PBXGroup;
			children = (
				CEE0535D2CE6B2D900D3EF3E /* src */,
				CEE053502CE6A10700D3EF3E /* libvis */,
				CEE0533A2CE6A06B00D3EF3E /* Products */,
				CEE053532CE6A18F00D3EF3E /* Frameworks */,
			);
			sourceTree = "<group>";
		};
		CEE0533A2CE6A06B00D3EF3E /* Products */ = {
			isa = PBXGroup;
			children = (
				CEE053392CE6A06B00D3EF3E /* vistest */,
				CEE053472CE6A0B700D3EF3E /* libvis.dylib */,
			);
			name = Products;
			sourceTree = "<group>";
		};
		CEE0534C2CE6A10700D3EF3E /* libvis */ = {
			isa = PBXGroup;
			children = (
				CEE0534B2CE6A10700D3EF3E /* libvis.hpp */,
			);
			path = libvis;
			sourceTree = "<group>";
		};
		CEE0534D2CE6A10700D3EF3E /* include */ = {
			isa = PBXGroup;
			children = (
				CEE0534C2CE6A10700D3EF3E /* libvis */,
			);
			path = include;
			sourceTree = "<group>";
		};
		CEE0534F2CE6A10700D3EF3E /* source */ = {
			isa = PBXGroup;
			children = (
				CEE053552CE6A56B00D3EF3E /* dylib_getters.cpp */,
				CEE0534E2CE6A10700D3EF3E /* libvis.cpp */,
			);
			path = source;
			sourceTree = "<group>";
		};
		CEE053502CE6A10700D3EF3E /* libvis */ = {
			isa = PBXGroup;
			children = (
				CEE0534D2CE6A10700D3EF3E /* include */,
				CEE0534F2CE6A10700D3EF3E /* source */,
			);
			path = libvis;
			sourceTree = "<group>";
		};
		CEE053532CE6A18F00D3EF3E /* Frameworks */ = {
			isa = PBXGroup;
			children = (
			);
			name = Frameworks;
			sourceTree = "<group>";
		};
		CEE0535D2CE6B2D900D3EF3E /* src */ = {
			isa = PBXGroup;
			children = (
				CEE0535C2CE6B2D900D3EF3E /* main.cpp */,
			);
			path = src;
			sourceTree = "<group>";
		};
/* End PBXGroup section */

/* Begin PBXHeadersBuildPhase section */
		CEE053432CE6A0B700D3EF3E /* Headers */ = {
			isa = PBXHeadersBuildPhase;
			buildActionMask = 2147483647;
			files = (
				CEE053512CE6A10700D3EF3E /* libvis.hpp in Headers */,
			);
			runOnlyForDeploymentPostprocessing = 0;
		};
/* End PBXHeadersBuildPhase section */

/* Begin PBXNativeTarget section */
		CEE053382CE6A06B00D3EF3E /* vistest */ = {
			isa = PBXNativeTarget;
			buildConfigurationList = CEE053402CE6A06B00D3EF3E /* Build configuration list for PBXNativeTarget "vistest" */;
			buildPhases = (
				CEE053352CE6A06B00D3EF3E /* Sources */,
				CEE053362CE6A06B00D3EF3E /* Frameworks */,
				CEE053372CE6A06B00D3EF3E /* CopyFiles */,
			);
			buildRules = (
			);
			dependencies = (
			);
			name = vistest;
			productName = vistest;
			productReference = CEE053392CE6A06B00D3EF3E /* vistest */;
			productType = "com.apple.product-type.tool";
		};
		CEE053462CE6A0B700D3EF3E /* vis */ = {
			isa = PBXNativeTarget;
			buildConfigurationList = CEE053482CE6A0B700D3EF3E /* Build configuration list for PBXNativeTarget "vis" */;
			buildPhases = (
				CEE053432CE6A0B700D3EF3E /* Headers */,
				CEE053442CE6A0B700D3EF3E /* Sources */,
				CEE053452CE6A0B700D3EF3E /* Frameworks */,
			);
			buildRules = (
			);
			dependencies = (
			);
			name = vis;
			productName = libvis;
			productReference = CEE053472CE6A0B700D3EF3E /* libvis.dylib */;
			productType = "com.apple.product-type.library.dynamic";
		};
/* End PBXNativeTarget section */

/* Begin PBXProject section */
		CEE053312CE6A06B00D3EF3E /* Project object */ = {
			isa = PBXProject;
			attributes = {
				BuildIndependentTargetsInParallel = 1;
				LastUpgradeCheck = 1530;
				TargetAttributes = {
					CEE053382CE6A06B00D3EF3E = {
						CreatedOnToolsVersion = 15.3;
					};
					CEE053462CE6A0B700D3EF3E = {
						CreatedOnToolsVersion = 15.3;
					};
				};
			};
			buildConfigurationList = CEE053342CE6A06B00D3EF3E /* Build configuration list for PBXProject "vistest" */;
			compatibilityVersion = "Xcode 14.0";
			developmentRegion = en;
			hasScannedForEncodings = 0;
			knownRegions = (
				en,
				Base,
			);
			mainGroup = CEE053302CE6A06B00D3EF3E;
			productRefGroup = CEE0533A2CE6A06B00D3EF3E /* Products */;
			projectDirPath = "";
			projectRoot = "";
			targets = (
				CEE053382CE6A06B00D3EF3E /* vistest */,
				CEE053462CE6A0B700D3EF3E /* vis */,
			);
		};
/* End PBXProject section */

/* Begin PBXSourcesBuildPhase section */
		CEE053352CE6A06B00D3EF3E /* Sources */ = {
			isa = PBXSourcesBuildPhase;
			buildActionMask = 2147483647;
			files = (
				CEE0535E2CE6B2D900D3EF3E /* main.cpp in Sources */,
				CEE0535B2CE6AC7800D3EF3E /* libvis.cpp in Sources */,
			);
			runOnlyForDeploymentPostprocessing = 0;
		};
		CEE053442CE6A0B700D3EF3E /* Sources */ = {
			isa = PBXSourcesBuildPhase;
			buildActionMask = 2147483647;
			files = (
				CEE053572CE6A56B00D3EF3E /* dylib_getters.cpp in Sources */,
				CEE053522CE6A10700D3EF3E /* libvis.cpp in Sources */,
			);
			runOnlyForDeploymentPostprocessing = 0;
		};
/* End PBXSourcesBuildPhase section */

/* Begin XCBuildConfiguration section */
		CEE0533E2CE6A06B00D3EF3E /* Debug */ = {
			isa = XCBuildConfiguration;
			buildSettings = {
				ALWAYS_SEARCH_USER_PATHS = NO;
				ASSETCATALOG_COMPILER_GENERATE_SWIFT_ASSET_SYMBOL_EXTENSIONS = YES;
				CLANG_ANALYZER_NONNULL = YES;
				CLANG_ANALYZER_NUMBER_OBJECT_CONVERSION = YES_AGGRESSIVE;
				CLANG_CXX_LANGUAGE_STANDARD = "gnu++20";
				CLANG_ENABLE_MODULES = YES;
				CLANG_ENABLE_OBJC_ARC = YES;
				CLANG_ENABLE_OBJC_WEAK = YES;
				CLANG_WARN_BLOCK_CAPTURE_AUTORELEASING = YES;
				CLANG_WARN_BOOL_CONVERSION = YES;
				CLANG_WARN_COMMA = YES;
				CLANG_WARN_CONSTANT_CONVERSION = YES;
				CLANG_WARN_DEPRECATED_OBJC_IMPLEMENTATIONS = YES;
				CLANG_WARN_DIRECT_OBJC_ISA_USAGE = YES_ERROR;
				CLANG_WARN_DOCUMENTATION_COMMENTS = YES;
				CLANG_WARN_EMPTY_BODY = YES;
				CLANG_WARN_ENUM_CONVERSION = YES;
				CLANG_WARN_INFINITE_RECURSION = YES;
				CLANG_WARN_INT_CONVERSION = YES;
				CLANG_WARN_NON_LITERAL_NULL_CONVERSION = YES;
				CLANG_WARN_OBJC_IMPLICIT_RETAIN_SELF = YES;
				CLANG_WARN_OBJC_LITERAL_CONVERSION = YES;
				CLANG_WARN_OBJC_ROOT_CLASS = YES_ERROR;
				CLANG_WARN_QUOTED_INCLUDE_IN_FRAMEWORK_HEADER = YES;
				CLANG_WARN_RANGE_LOOP_ANALYSIS = YES;
				CLANG_WARN_STRICT_PROTOTYPES = YES;
				CLANG_WARN_SUSPICIOUS_MOVE = YES;
				CLANG_WARN_UNGUARDED_AVAILABILITY = YES_AGGRESSIVE;
				CLANG_WARN_UNREACHABLE_CODE = YES;
				CLANG_WARN__DUPLICATE_METHOD_MATCH = YES;
				COPY_PHASE_STRIP = NO;
				DEBUG_INFORMATION_FORMAT = dwarf;
				ENABLE_STRICT_OBJC_MSGSEND = YES;
				ENABLE_TESTABILITY = YES;
				ENABLE_USER_SCRIPT_SANDBOXING = YES;
				GCC_C_LANGUAGE_STANDARD = gnu17;
				GCC_DYNAMIC_NO_PIC = NO;
				GCC_NO_COMMON_BLOCKS = YES;
				GCC_OPTIMIZATION_LEVEL = 0;
				GCC_PREPROCESSOR_DEFINITIONS = (
					"DEBUG=1",
					"$(inherited)",
				);
				GCC_WARN_64_TO_32_BIT_CONVERSION = YES;
				GCC_WARN_ABOUT_RETURN_TYPE = YES_ERROR;
				GCC_WARN_UNDECLARED_SELECTOR = YES;
				GCC_WARN_UNINITIALIZED_AUTOS = YES_AGGRESSIVE;
				GCC_WARN_UNUSED_FUNCTION = YES;
				GCC_WARN_UNUSED_VARIABLE = YES;
				HEADER_SEARCH_PATHS = "${PROJECT_DIR}/libvis/include";
				LD_RUNPATH_SEARCH_PATHS = "@executable_path";
				LOCALIZATION_PREFERS_STRING_CATALOGS = YES;
				MACOSX_DEPLOYMENT_TARGET = 14.4;
				MTL_ENABLE_DEBUG_INFO = INCLUDE_SOURCE;
				MTL_FAST_MATH = YES;
				ONLY_ACTIVE_ARCH = YES;
				SDKROOT = macosx;
			};
			name = Debug;
		};
		CEE0533F2CE6A06B00D3EF3E /* Release */ = {
			isa = XCBuildConfiguration;
			buildSettings = {
				ALWAYS_SEARCH_USER_PATHS = NO;
				ASSETCATALOG_COMPILER_GENERATE_SWIFT_ASSET_SYMBOL_EXTENSIONS = YES;
				CLANG_ANALYZER_NONNULL = YES;
				CLANG_ANALYZER_NUMBER_OBJECT_CONVERSION = YES_AGGRESSIVE;
				CLANG_CXX_LANGUAGE_STANDARD = "gnu++20";
				CLANG_ENABLE_MODULES = YES;
				CLANG_ENABLE_OBJC_ARC = YES;
				CLANG_ENABLE_OBJC_WEAK = YES;
				CLANG_WARN_BLOCK_CAPTURE_AUTORELEASING = YES;
				CLANG_WARN_BOOL_CONVERSION = YES;
				CLANG_WARN_COMMA = YES;
				CLANG_WARN_CONSTANT_CONVERSION = YES;
				CLANG_WARN_DEPRECATED_OBJC_IMPLEMENTATIONS = YES;
				CLANG_WARN_DIRECT_OBJC_ISA_USAGE = YES_ERROR;
				CLANG_WARN_DOCUMENTATION_COMMENTS = YES;
				CLANG_WARN_EMPTY_BODY = YES;
				CLANG_WARN_ENUM_CONVERSION = YES;
				CLANG_WARN_INFINITE_RECURSION = YES;
				CLANG_WARN_INT_CONVERSION = YES;
				CLANG_WARN_NON_LITERAL_NULL_CONVERSION = YES;
				CLANG_WARN_OBJC_IMPLICIT_RETAIN_SELF = YES;
				CLANG_WARN_OBJC_LITERAL_CONVERSION = YES;
				CLANG_WARN_OBJC_ROOT_CLASS = YES_ERROR;
				CLANG_WARN_QUOTED_INCLUDE_IN_FRAMEWORK_HEADER = YES;
				CLANG_WARN_RANGE_LOOP_ANALYSIS = YES;
				CLANG_WARN_STRICT_PROTOTYPES = YES;
				CLANG_WARN_SUSPICIOUS_MOVE = YES;
				CLANG_WARN_UNGUARDED_AVAILABILITY = YES_AGGRESSIVE;
				CLANG_WARN_UNREACHABLE_CODE = YES;
				CLANG_WARN__DUPLICATE_METHOD_MATCH = YES;
				COPY_PHASE_STRIP = NO;
				DEBUG_INFORMATION_FORMAT = "dwarf-with-dsym";
				ENABLE_NS_ASSERTIONS = NO;
				ENABLE_STRICT_OBJC_MSGSEND = YES;
				ENABLE_USER_SCRIPT_SANDBOXING = YES;
				GCC_C_LANGUAGE_STANDARD = gnu17;
				GCC_NO_COMMON_BLOCKS = YES;
				GCC_WARN_64_TO_32_BIT_CONVERSION = YES;
				GCC_WARN_ABOUT_RETURN_TYPE = YES_ERROR;
				GCC_WARN_UNDECLARED_SELECTOR = YES;
				GCC_WARN_UNINITIALIZED_AUTOS = YES_AGGRESSIVE;
				GCC_WARN_UNUSED_FUNCTION = YES;
				GCC_WARN_UNUSED_VARIABLE = YES;
				HEADER_SEARCH_PATHS = "${PROJECT_DIR}/libvis/include";
				LD_RUNPATH_SEARCH_PATHS = "@executable_path";
				LOCALIZATION_PREFERS_STRING_CATALOGS = YES;
				MACOSX_DEPLOYMENT_TARGET = 14.4;
				MTL_ENABLE_DEBUG_INFO = NO;
				MTL_FAST_MATH = YES;
				SDKROOT = macosx;
			};
			name = Release;
		};
		CEE053412CE6A06B00D3EF3E /* Debug */ = {
			isa = XCBuildConfiguration;
			buildSettings = {
				CODE_SIGN_STYLE = Automatic;
				DEVELOPMENT_TEAM = "";
				ENABLE_HARDENED_RUNTIME = YES;
				PRODUCT_NAME = "$(TARGET_NAME)";
			};
			name = Debug;
		};
		CEE053422CE6A06B00D3EF3E /* Release */ = {
			isa = XCBuildConfiguration;
			buildSettings = {
				CODE_SIGN_STYLE = Automatic;
				DEVELOPMENT_TEAM = "";
				ENABLE_HARDENED_RUNTIME = YES;
				PRODUCT_NAME = "$(TARGET_NAME)";
			};
			name = Release;
		};
		CEE053492CE6A0B700D3EF3E /* Debug */ = {
			isa = XCBuildConfiguration;
			buildSettings = {
				CODE_SIGN_STYLE = Automatic;
				DEVELOPMENT_TEAM = T7TFB9PV9X;
				DYLIB_COMPATIBILITY_VERSION = 1;
				DYLIB_CURRENT_VERSION = 1;
				EXECUTABLE_PREFIX = lib;
				LD_DYLIB_INSTALL_NAME = "@rpath/lib$(TARGET_NAME).dylib";
				PRODUCT_NAME = "$(TARGET_NAME)";
				SKIP_INSTALL = YES;
			};
			name = Debug;
		};
		CEE0534A2CE6A0B700D3EF3E /* Release */ = {
			isa = XCBuildConfiguration;
			buildSettings = {
				CODE_SIGN_STYLE = Automatic;
				DEVELOPMENT_TEAM = T7TFB9PV9X;
				DYLIB_COMPATIBILITY_VERSION = 1;
				DYLIB_CURRENT_VERSION = 1;
				EXECUTABLE_PREFIX = lib;
				LD_DYLIB_INSTALL_NAME = "@rpath/lib$(TARGET_NAME).dylib";
				PRODUCT_NAME = "$(TARGET_NAME)";
				SKIP_INSTALL = YES;
			};
			name = Release;
		};
/* End XCBuildConfiguration section */

/* Begin XCConfigurationList section */
		CEE053342CE6A06B00D3EF3E /* Build configuration list for PBXProject "vistest" */ = {
			isa = XCConfigurationList;
			buildConfigurations = (
				CEE0533E2CE6A06B00D3EF3E /* Debug */,
				CEE0533F2CE6A06B00D3EF3E /* Release */,
			);
			defaultConfigurationIsVisible = 0;
			defaultConfigurationName = Release;
		};
		CEE053402CE6A06B00D3EF3E /* Build configuration list for PBXNativeTarget "vistest" */ = {
			isa = XCConfigurationList;
			buildConfigurations = (
				CEE053412CE6A06B00D3EF3E /* Debug */,
				CEE053422CE6A06B00D3EF3E /* Release */,
			);
			defaultConfigurationIsVisible = 0;
			defaultConfigurationName = Release;
		};
		CEE053482CE6A0B700D3EF3E /* Build configuration list for PBXNativeTarget "vis" */ = {
			isa = XCConfigurationList;
			buildConfigurations = (
				CEE053492CE6A0B700D3EF3E /* Debug */,
				CEE0534A2CE6A0B700D3EF3E /* Release */,
			);
			defaultConfigurationIsVisible = 0;
			defaultConfigurationName = Release;
		};
/* End XCConfigurationList section */
	};
	rootObject = CEE053312CE6A06B00D3EF3E /* Project object */;
}
